{
  "name": "@layr/docs",
  "version": "1.0.0",
  "lockfileVersion": 2,
  "requires": true,
  "packages": {
    "": {
      "name": "@layr/docs",
      "version": "1.0.0",
      "license": "MIT",
      "dependencies": {
        "@mvila/simple-doc": "^0.1.135",
        "fs-extra": "^10.0.0"
      }
    },
    "node_modules/@mvila/simple-doc": {
      "version": "0.1.135",
      "resolved": "http://localhost:3333/@mvila/simple-doc/-/package-0.1.135.tgz",
      "license": "MIT",
      "dependencies": {
        "base-x": "^3.0.9",
        "core-helpers": "^1.0.5",
        "fs-extra": "^10.1.0",
        "hasha": "^5.2.2",
        "lodash": "^4.17.21",
        "sade": "^1.8.1",
        "tslib": "^2.4.0"
      },
      "bin": {
        "simple-doc": "dist/node-cjs/cli.js"
      },
      "engines": {
        "node": ">=16.0.0"
      }
    },
    "node_modules/base-x": {
      "version": "3.0.9",
      "resolved": "https://registry.npmjs.org/base-x/-/base-x-3.0.9.tgz",
      "integrity": "sha512-H7JU6iBHTal1gp56aKoaa//YUxEaAOUiydvrV/pILqIHXTtqxSkATOnDA2u+jZ/61sD+L/412+7kzXRtWukhpQ==",
      "dependencies": {
        "safe-buffer": "^5.0.1"
      }
    },
    "node_modules/core-helpers": {
      "version": "1.0.5",
      "resolved": "http://localhost:3333/core-helpers/-/package-1.0.5.tgz",
      "license": "MIT",
      "dependencies": {
        "lodash": "^4.17.21",
        "tslib": "^2.4.0",
        "type-fest": "^3.1.0"
      },
      "engines": {
        "node": ">=16.0.0"
      }
    },
    "node_modules/fs-extra": {
      "version": "10.1.0",
      "resolved": "https://registry.npmjs.org/fs-extra/-/fs-extra-10.1.0.tgz",
      "integrity": "sha512-oRXApq54ETRj4eMiFzGnHWGy+zo5raudjuxN0b8H7s/RU2oW0Wvsx9O0ACRN/kRq9E8Vu/ReskGB5o3ji+FzHQ==",
      "dependencies": {
        "graceful-fs": "^4.2.0",
        "jsonfile": "^6.0.1",
        "universalify": "^2.0.0"
      },
      "engines": {
        "node": ">=12"
      }
    },
    "node_modules/graceful-fs": {
      "version": "4.2.6",
      "license": "ISC"
    },
    "node_modules/hasha": {
      "version": "5.2.2",
      "license": "MIT",
      "dependencies": {
        "is-stream": "^2.0.0",
        "type-fest": "^0.8.0"
      },
      "engines": {
        "node": ">=8"
      },
      "funding": {
        "url": "https://github.com/sponsors/sindresorhus"
      }
    },
    "node_modules/hasha/node_modules/type-fest": {
      "version": "0.8.1",
      "license": "(MIT OR CC0-1.0)",
      "engines": {
        "node": ">=8"
      }
    },
    "node_modules/is-stream": {
      "version": "2.0.0",
      "license": "MIT",
      "engines": {
        "node": ">=8"
      }
    },
    "node_modules/jsonfile": {
      "version": "6.1.0",
      "license": "MIT",
      "dependencies": {
        "universalify": "^2.0.0"
      },
      "optionalDependencies": {
        "graceful-fs": "^4.1.6"
      }
    },
    "node_modules/lodash": {
      "version": "4.17.21",
      "resolved": "https://registry.npmjs.org/lodash/-/lodash-4.17.21.tgz",
      "integrity": "sha512-v2kDEe57lecTulaDIuNTPy3Ry4gLGJ6Z1O3vE1krgXZNrsQ+LFTGHVxVjcXPs17LhbZVGedAJv8XZ1tvj5FvSg=="
    },
    "node_modules/mri": {
      "version": "1.2.0",
      "resolved": "https://registry.npmjs.org/mri/-/mri-1.2.0.tgz",
      "integrity": "sha512-tzzskb3bG8LvYGFF/mDTpq3jpI6Q9wc3LEmBaghu+DdCssd1FakN7Bc0hVNmEyGq1bq3RgfkCb3cmQLpNPOroA==",
      "engines": {
        "node": ">=4"
      }
    },
    "node_modules/sade": {
      "version": "1.8.1",
      "resolved": "https://registry.npmjs.org/sade/-/sade-1.8.1.tgz",
      "integrity": "sha512-xal3CZX1Xlo/k4ApwCFrHVACi9fBqJ7V+mwhBsuf/1IOKbBy098Fex+Wa/5QMubw09pSZ/u8EY8PWgevJsXp1A==",
      "dependencies": {
        "mri": "^1.1.0"
      },
      "engines": {
        "node": ">=6"
      }
    },
    "node_modules/safe-buffer": {
      "version": "5.2.1",
      "resolved": "https://registry.npmjs.org/safe-buffer/-/safe-buffer-5.2.1.tgz",
      "integrity": "sha512-rp3So07KcdmmKbGvgaNxQSJr7bGVSVk5S9Eq1F+ppbRo70+YeaDxkw5Dd8NPN+GD6bjnYm2VuPuCXmpuYvmCXQ==",
      "funding": [
        {
          "type": "github",
          "url": "https://github.com/sponsors/feross"
        },
        {
          "type": "patreon",
          "url": "https://www.patreon.com/feross"
        },
        {
          "type": "consulting",
          "url": "https://feross.org/support"
        }
      ]
    },
    "node_modules/tslib": {
      "version": "2.4.1",
      "resolved": "https://registry.npmjs.org/tslib/-/tslib-2.4.1.tgz",
      "integrity": "sha512-tGyy4dAjRIEwI7BzsB0lynWgOpfqjUdq91XXAlIWD2OwKBH7oCl/GZG/HT4BOHrTlPMOASlMQ7veyTqpmRcrNA=="
    },
    "node_modules/type-fest": {
      "version": "3.3.0",
      "resolved": "https://registry.npmjs.org/type-fest/-/type-fest-3.3.0.tgz",
      "integrity": "sha512-gezeeOIZyQLGW5uuCeEnXF1aXmtt2afKspXz3YqoOcZ3l/YMJq1pujvgT+cz/Nw1O/7q/kSav5fihJHsC/AOUg==",
      "engines": {
        "node": ">=14.16"
      },
      "funding": {
        "url": "https://github.com/sponsors/sindresorhus"
      }
    },
    "node_modules/universalify": {
      "version": "2.0.0",
      "license": "MIT",
      "engines": {
        "node": ">= 10.0.0"
      }
    }
  },
  "dependencies": {
    "@mvila/simple-doc": {
      "version": "0.1.135",
      "resolved": "http://localhost:3333/@mvila/simple-doc/-/package-0.1.135.tgz",
      "requires": {
        "base-x": "^3.0.9",
        "core-helpers": "^1.0.5",
        "fs-extra": "^10.1.0",
        "hasha": "^5.2.2",
        "lodash": "^4.17.21",
        "sade": "^1.8.1",
        "tslib": "^2.4.0"
      }
    },
    "base-x": {
      "version": "3.0.9",
      "resolved": "https://registry.npmjs.org/base-x/-/base-x-3.0.9.tgz",
      "integrity": "sha512-H7JU6iBHTal1gp56aKoaa//YUxEaAOUiydvrV/pILqIHXTtqxSkATOnDA2u+jZ/61sD+L/412+7kzXRtWukhpQ==",
      "requires": {
        "safe-buffer": "^5.0.1"
      }
    },
    "core-helpers": {
      "version": "1.0.5",
      "resolved": "http://localhost:3333/core-helpers/-/package-1.0.5.tgz",
      "requires": {
        "lodash": "^4.17.21",
        "tslib": "^2.4.0",
        "type-fest": "^3.1.0"
      }
    },
    "fs-extra": {
      "version": "10.1.0",
      "resolved": "https://registry.npmjs.org/fs-extra/-/fs-extra-10.1.0.tgz",
      "integrity": "sha512-oRXApq54ETRj4eMiFzGnHWGy+zo5raudjuxN0b8H7s/RU2oW0Wvsx9O0ACRN/kRq9E8Vu/ReskGB5o3ji+FzHQ==",
      "requires": {
        "graceful-fs": "^4.2.0",
        "jsonfile": "^6.0.1",
        "universalify": "^2.0.0"
      }
    },
    "graceful-fs": {
      "version": "4.2.6"
    },
    "hasha": {
      "version": "5.2.2",
      "requires": {
        "is-stream": "^2.0.0",
        "type-fest": "^0.8.0"
      },
      "dependencies": {
        "type-fest": {
          "version": "0.8.1"
        }
      }
    },
    "is-stream": {
      "version": "2.0.0"
    },
    "jsonfile": {
      "version": "6.1.0",
      "requires": {
        "graceful-fs": "^4.1.6",
        "universalify": "^2.0.0"
      }
    },
    "lodash": {
      "version": "4.17.21",
      "resolved": "https://registry.npmjs.org/lodash/-/lodash-4.17.21.tgz",
      "integrity": "sha512-v2kDEe57lecTulaDIuNTPy3Ry4gLGJ6Z1O3vE1krgXZNrsQ+LFTGHVxVjcXPs17LhbZVGedAJv8XZ1tvj5FvSg=="
    },
    "mri": {
      "version": "1.2.0",
      "resolved": "https://registry.npmjs.org/mri/-/mri-1.2.0.tgz",
      "integrity": "sha512-tzzskb3bG8LvYGFF/mDTpq3jpI6Q9wc3LEmBaghu+DdCssd1FakN7Bc0hVNmEyGq1bq3RgfkCb3cmQLpNPOroA=="
    },
    "sade": {
      "version": "1.8.1",
      "resolved": "https://registry.npmjs.org/sade/-/sade-1.8.1.tgz",
      "integrity": "sha512-xal3CZX1Xlo/k4ApwCFrHVACi9fBqJ7V+mwhBsuf/1IOKbBy098Fex+Wa/5QMubw09pSZ/u8EY8PWgevJsXp1A==",
      "requires": {
        "mri": "^1.1.0"
      }
    },
    "safe-buffer": {
      "version": "5.2.1",
      "resolved": "https://registry.npmjs.org/safe-buffer/-/safe-buffer-5.2.1.tgz",
      "integrity": "sha512-rp3So07KcdmmKbGvgaNxQSJr7bGVSVk5S9Eq1F+ppbRo70+YeaDxkw5Dd8NPN+GD6bjnYm2VuPuCXmpuYvmCXQ=="
    },
    "tslib": {
      "version": "2.4.1",
      "resolved": "https://registry.npmjs.org/tslib/-/tslib-2.4.1.tgz",
      "integrity": "sha512-tGyy4dAjRIEwI7BzsB0lynWgOpfqjUdq91XXAlIWD2OwKBH7oCl/GZG/HT4BOHrTlPMOASlMQ7veyTqpmRcrNA=="
    },
    "type-fest": {
      "version": "3.3.0",
      "resolved": "https://registry.npmjs.org/type-fest/-/type-fest-3.3.0.tgz",
      "integrity": "sha512-gezeeOIZyQLGW5uuCeEnXF1aXmtt2afKspXz3YqoOcZ3l/YMJq1pujvgT+cz/Nw1O/7q/kSav5fihJHsC/AOUg=="
    },
    "universalify": {
      "version": "2.0.0"
    }
  }
}
